
Microsoft Visual Studio Solution File, Format Version 12.00
# Visual Studio Version 16
VisualStudioVersion = 16.0.30114.105
MinimumVisualStudioVersion = 10.0.40219.1
Project("{F2A71F9B-5D33-465A-A702-920D77279786}") = "Exo2", "Exo2\Exo2.fsproj", "{506B00E0-545E-47FF-91EB-D41C72E8AA26}"
EndProject
Global
	GlobalSection(SolutionConfigurationPlatforms) = preSolution
		Debug|Any CPU = Debug|Any CPU
		Release|Any CPU = Release|Any CPU
	EndGlobalSection
	GlobalSection(ProjectConfigurationPlatforms) = postSolution
		{506B00E0-545E-47FF-91EB-D41C72E8AA26}.Debug|Any CPU.ActiveCfg = Debug|Any CPU
		{506B00E0-545E-47FF-91EB-D41C72E8AA26}.Debug|Any CPU.Build.0 = Debug|Any CPU
		{506B00E0-545E-47FF-91EB-D41C72E8AA26}.Release|Any CPU.ActiveCfg = Release|Any CPU
		{506B00E0-545E-47FF-91EB-D41C72E8AA26}.Release|Any CPU.Build.0 = Release|Any CPU
	EndGlobalSection
	GlobalSection(SolutionProperties) = preSolution
		HideSolutionNode = FALSE
	EndGlobalSection
	GlobalSection(ExtensibilityGlobals) = postSolution
		SolutionGuid = {65F5B3BF-DDF9-4B5E-8160-65B81A73962E}
	EndGlobalSection
EndGlobal
